# THIS IS AN AUTOGENERATED FILE. DO NOT EDIT THIS FILE DIRECTLY.
# yarn lockfile v1


three@^0.112.1:
  version "0.112.1"
  resolved "https://registry.yarnpkg.com/three/-/three-0.112.1.tgz#f8d8f4d0f8e5f753dac6260491b8209457fdc131"
  integrity sha512-8I0O74hiYtKl3LgDNcPJbBGOlpekbcJ6fJnImmW3mFdeUFJ2H9Y3/UuUSW2sBdjrIlCM0gvOkaTEFlofO900TQ==
